
Microsoft Visual Studio Solution File, Format Version 12.00
# Visual Studio 15
VisualStudioVersion = 15.0.28307.1758
MinimumVisualStudioVersion = 10.0.40219.1
Project("{FAE04EC0-301F-11D3-BF4B-00C04F79EFBC}") = "Apteka", "ClassProject\Apteka.csproj", "{E8D97404-85A1-442B-A459-29932E56B12E}"
EndProject
Global
	GlobalSection(SolutionConfigurationPlatforms) = preSolution
		Debug|Any CPU = Debug|Any CPU
		Release|Any CPU = Release|Any CPU
	EndGlobalSection
	GlobalSection(ProjectConfigurationPlatforms) = postSolution
		{E8D97404-85A1-442B-A459-29932E56B12E}.Debug|Any CPU.ActiveCfg = Debug|Any CPU
		{E8D97404-85A1-442B-A459-29932E56B12E}.Debug|Any CPU.Build.0 = Debug|Any CPU
		{E8D97404-85A1-442B-A459-29932E56B12E}.Release|Any CPU.ActiveCfg = Release|Any CPU
		{E8D97404-85A1-442B-A459-29932E56B12E}.Release|Any CPU.Build.0 = Release|Any CPU
	EndGlobalSection
	GlobalSection(SolutionProperties) = preSolution
		HideSolutionNode = FALSE
	EndGlobalSection
	GlobalSection(ExtensibilityGlobals) = postSolution
		SolutionGuid = {C468C20C-C94D-4388-A802-9D88D95A9A25}
	EndGlobalSection
EndGlobal
